
Microsoft Visual Studio Solution File, Format Version 12.00
# Visual Studio 14
VisualStudioVersion = 14.0.25420.1
MinimumVisualStudioVersion = 10.0.40219.1
Project("{FAE04EC0-301F-11D3-BF4B-00C04F79EFBC}") = "Consola", "Consola\Consola.csproj", "{23D11D5E-5D99-4EB4-80DB-53DC63A9DE14}"
EndProject
Project("{FAE04EC0-301F-11D3-BF4B-00C04F79EFBC}") = "Extension", "Extension\Extension.csproj", "{62E6DBDB-0233-4FDE-BBDD-46A9FEAD4962}"
EndProject
Project("{FAE04EC0-301F-11D3-BF4B-00C04F79EFBC}") = "DepositoProd", "DepositoProd\DepositoProd.csproj", "{1EE31B60-E549-4577-83C3-614DF65E066B}"
EndProject
Project("{FAE04EC0-301F-11D3-BF4B-00C04F79EFBC}") = "Clases", "Clases\Clases.csproj", "{53F86D0A-9E8F-4A81-BD93-404387A218B9}"
EndProject
Project("{FAE04EC0-301F-11D3-BF4B-00C04F79EFBC}") = "Eventos", "Eventos\Eventos.csproj", "{65202F06-5247-4994-9037-D2FEFB0F0EE0}"
EndProject
Global
	GlobalSection(SolutionConfigurationPlatforms) = preSolution
		Debug|Any CPU = Debug|Any CPU
		Release|Any CPU = Release|Any CPU
	EndGlobalSection
	GlobalSection(ProjectConfigurationPlatforms) = postSolution
		{23D11D5E-5D99-4EB4-80DB-53DC63A9DE14}.Debug|Any CPU.ActiveCfg = Debug|Any CPU
		{23D11D5E-5D99-4EB4-80DB-53DC63A9DE14}.Debug|Any CPU.Build.0 = Debug|Any CPU
		{23D11D5E-5D99-4EB4-80DB-53DC63A9DE14}.Release|Any CPU.ActiveCfg = Release|Any CPU
		{23D11D5E-5D99-4EB4-80DB-53DC63A9DE14}.Release|Any CPU.Build.0 = Release|Any CPU
		{62E6DBDB-0233-4FDE-BBDD-46A9FEAD4962}.Debug|Any CPU.ActiveCfg = Debug|Any CPU
		{62E6DBDB-0233-4FDE-BBDD-46A9FEAD4962}.Debug|Any CPU.Build.0 = Debug|Any CPU
		{62E6DBDB-0233-4FDE-BBDD-46A9FEAD4962}.Release|Any CPU.ActiveCfg = Release|Any CPU
		{62E6DBDB-0233-4FDE-BBDD-46A9FEAD4962}.Release|Any CPU.Build.0 = Release|Any CPU
		{1EE31B60-E549-4577-83C3-614DF65E066B}.Debug|Any CPU.ActiveCfg = Debug|Any CPU
		{1EE31B60-E549-4577-83C3-614DF65E066B}.Debug|Any CPU.Build.0 = Debug|Any CPU
		{1EE31B60-E549-4577-83C3-614DF65E066B}.Release|Any CPU.ActiveCfg = Release|Any CPU
		{1EE31B60-E549-4577-83C3-614DF65E066B}.Release|Any CPU.Build.0 = Release|Any CPU
		{53F86D0A-9E8F-4A81-BD93-404387A218B9}.Debug|Any CPU.ActiveCfg = Debug|Any CPU
		{53F86D0A-9E8F-4A81-BD93-404387A218B9}.Debug|Any CPU.Build.0 = Debug|Any CPU
		{53F86D0A-9E8F-4A81-BD93-404387A218B9}.Release|Any CPU.ActiveCfg = Release|Any CPU
		{53F86D0A-9E8F-4A81-BD93-404387A218B9}.Release|Any CPU.Build.0 = Release|Any CPU
		{65202F06-5247-4994-9037-D2FEFB0F0EE0}.Debug|Any CPU.ActiveCfg = Debug|Any CPU
		{65202F06-5247-4994-9037-D2FEFB0F0EE0}.Debug|Any CPU.Build.0 = Debug|Any CPU
		{65202F06-5247-4994-9037-D2FEFB0F0EE0}.Release|Any CPU.ActiveCfg = Release|Any CPU
		{65202F06-5247-4994-9037-D2FEFB0F0EE0}.Release|Any CPU.Build.0 = Release|Any CPU
	EndGlobalSection
	GlobalSection(SolutionProperties) = preSolution
		HideSolutionNode = FALSE
	EndGlobalSection
EndGlobal
